// !$*UTF8*$!
{
	archiveVersion = 1;
	classes = {
	};
	objectVersion = 56;
	objects = {

/* Begin PBXBuildFile section */
		9B961B4C295F5D1A00BB00F0 /* MerryChristmasAppApp.swift in Sources */ = {isa = PBXBuildFile; fileRef = 9B961B4B295F5D1A00BB00F0 /* MerryChristmasAppApp.swift */; };
		9B961B4E295F5D1A00BB00F0 /* ContentView.swift in Sources */ = {isa = PBXBuildFile; fileRef = 9B961B4D295F5D1A00BB00F0 /* ContentView.swift */; };
		9B961B50295F5D1F00BB00F0 /* Assets.xcassets in Resources */ = {isa = PBXBuildFile; fileRef = 9B961B4F295F5D1F00BB00F0 /* Assets.xcassets */; };
		9B961B53295F5D1F00BB00F0 /* Preview Assets.xcassets in Resources */ = {isa = PBXBuildFile; fileRef = 9B961B52295F5D1F00BB00F0 /* Preview Assets.xcassets */; };
		9B961B5A295F5DED00BB00F0 /* ThreeView.swift in Sources */ = {isa = PBXBuildFile; fileRef = 9B961B59295F5DED00BB00F0 /* ThreeView.swift */; };
		9B961B5C295F5ECE00BB00F0 /* Triangle.swift in Sources */ = {isa = PBXBuildFile; fileRef = 9B961B5B295F5ECE00BB00F0 /* Triangle.swift */; };
		9B961B5E295F5EDF00BB00F0 /* Star.swift in Sources */ = {isa = PBXBuildFile; fileRef = 9B961B5D295F5EDF00BB00F0 /* Star.swift */; };
		9B961B61295F897A00BB00F0 /* ToysView.swift in Sources */ = {isa = PBXBuildFile; fileRef = 9B961B60295F897A00BB00F0 /* ToysView.swift */; };
		9B961B65295F9A2200BB00F0 /* SnowParticles.swift in Sources */ = {isa = PBXBuildFile; fileRef = 9B961B64295F9A2100BB00F0 /* SnowParticles.swift */; };
		9B961B69295F9F7800BB00F0 /* AnimationView.swift in Sources */ = {isa = PBXBuildFile; fileRef = 9B961B68295F9F7800BB00F0 /* AnimationView.swift */; };
/* End PBXBuildFile section */

/* Begin PBXFileReference section */
		9B961B48295F5D1A00BB00F0 /* MerryChristmasApp.app */ = {isa = PBXFileReference; explicitFileType = wrapper.application; includeInIndex = 0; path = MerryChristmasApp.app; sourceTree = BUILT_PRODUCTS_DIR; };
		9B961B4B295F5D1A00BB00F0 /* MerryChristmasAppApp.swift */ = {isa = PBXFileReference; lastKnownFileType = sourcecode.swift; path = MerryChristmasAppApp.swift; sourceTree = "<group>"; };
		9B961B4D295F5D1A00BB00F0 /* ContentView.swift */ = {isa = PBXFileReference; lastKnownFileType = sourcecode.swift; path = ContentView.swift; sourceTree = "<group>"; };
		9B961B4F295F5D1F00BB00F0 /* Assets.xcassets */ = {isa = PBXFileReference; lastKnownFileType = folder.assetcatalog; path = Assets.xcassets; sourceTree = "<group>"; };
		9B961B52295F5D1F00BB00F0 /* Preview Assets.xcassets */ = {isa = PBXFileReference; lastKnownFileType = folder.assetcatalog; path = "Preview Assets.xcassets"; sourceTree = "<group>"; };
		9B961B59295F5DED00BB00F0 /* ThreeView.swift */ = {isa = PBXFileReference; lastKnownFileType = sourcecode.swift; path = ThreeView.swift; sourceTree = "<group>"; };
		9B961B5B295F5ECE00BB00F0 /* Triangle.swift */ = {isa = PBXFileReference; lastKnownFileType = sourcecode.swift; path = Triangle.swift; sourceTree = "<group>"; };
		9B961B5D295F5EDF00BB00F0 /* Star.swift */ = {isa = PBXFileReference; lastKnownFileType = sourcecode.swift; path = Star.swift; sourceTree = "<group>"; };
		9B961B60295F897A00BB00F0 /* ToysView.swift */ = {isa = PBXFileReference; lastKnownFileType = sourcecode.swift; path = ToysView.swift; sourceTree = "<group>"; };
		9B961B64295F9A2100BB00F0 /* SnowParticles.swift */ = {isa = PBXFileReference; lastKnownFileType = sourcecode.swift; path = SnowParticles.swift; sourceTree = "<group>"; };
		9B961B68295F9F7800BB00F0 /* AnimationView.swift */ = {isa = PBXFileReference; lastKnownFileType = sourcecode.swift; path = AnimationView.swift; sourceTree = "<group>"; };
/* End PBXFileReference section */

/* Begin PBXFrameworksBuildPhase section */
		9B961B45295F5D1A00BB00F0 /* Frameworks */ = {
			isa = PBXFrameworksBuildPhase;
			buildActionMask = 2147483647;
			files = (
			);
			runOnlyForDeploymentPostprocessing = 0;
		};
/* End PBXFrameworksBuildPhase section */

/* Begin PBXGroup section */
		9B961B3F295F5D1A00BB00F0 = {
			isa = PBXGroup;
			children = (
				9B961B4A295F5D1A00BB00F0 /* MerryChristmasApp */,
				9B961B49295F5D1A00BB00F0 /* Products */,
			);
			sourceTree = "<group>";
		};
		9B961B49295F5D1A00BB00F0 /* Products */ = {
			isa = PBXGroup;
			children = (
				9B961B48295F5D1A00BB00F0 /* MerryChristmasApp.app */,
			);
			name = Products;
			sourceTree = "<group>";
		};
		9B961B4A295F5D1A00BB00F0 /* MerryChristmasApp */ = {
			isa = PBXGroup;
			children = (
				9B961B4B295F5D1A00BB00F0 /* MerryChristmasAppApp.swift */,
				9B961B4D295F5D1A00BB00F0 /* ContentView.swift */,
				9B961B59295F5DED00BB00F0 /* ThreeView.swift */,
				9B961B60295F897A00BB00F0 /* ToysView.swift */,
				9B961B64295F9A2100BB00F0 /* SnowParticles.swift */,
				9B961B68295F9F7800BB00F0 /* AnimationView.swift */,
				9B961B5F295F5EF000BB00F0 /* Shapes */,
				9B961B4F295F5D1F00BB00F0 /* Assets.xcassets */,
				9B961B51295F5D1F00BB00F0 /* Preview Content */,
			);
			path = MerryChristmasApp;
			sourceTree = "<group>";
		};
		9B961B51295F5D1F00BB00F0 /* Preview Content */ = {
			isa = PBXGroup;
			children = (
				9B961B52295F5D1F00BB00F0 /* Preview Assets.xcassets */,
			);
			path = "Preview Content";
			sourceTree = "<group>";
		};
		9B961B5F295F5EF000BB00F0 /* Shapes */ = {
			isa = PBXGroup;
			children = (
				9B961B5B295F5ECE00BB00F0 /* Triangle.swift */,
				9B961B5D295F5EDF00BB00F0 /* Star.swift */,
			);
			path = Shapes;
			sourceTree = "<group>";
		};
/* End PBXGroup section */

/* Begin PBXNativeTarget section */
		9B961B47295F5D1A00BB00F0 /* MerryChristmasApp */ = {
			isa = PBXNativeTarget;
			buildConfigurationList = 9B961B56295F5D1F00BB00F0 /* Build configuration list for PBXNativeTarget "MerryChristmasApp" */;
			buildPhases = (
				9B961B44295F5D1A00BB00F0 /* Sources */,
				9B961B45295F5D1A00BB00F0 /* Frameworks */,
				9B961B46295F5D1A00BB00F0 /* Resources */,
			);
			buildRules = (
			);
			dependencies = (
			);
			name = MerryChristmasApp;
			productName = MerryChristmasApp;
			productReference = 9B961B48295F5D1A00BB00F0 /* MerryChristmasApp.app */;
			productType = "com.apple.product-type.application";
		};
/* End PBXNativeTarget section */

/* Begin PBXProject section */
		9B961B40295F5D1A00BB00F0 /* Project object */ = {
			isa = PBXProject;
			attributes = {
				BuildIndependentTargetsInParallel = 1;
				LastSwiftUpdateCheck = 1420;
				LastUpgradeCheck = 1420;
				TargetAttributes = {
					9B961B47295F5D1A00BB00F0 = {
						CreatedOnToolsVersion = 14.2;
					};
				};
			};
			buildConfigurationList = 9B961B43295F5D1A00BB00F0 /* Build configuration list for PBXProject "MerryChristmasApp" */;
			compatibilityVersion = "Xcode 14.0";
			developmentRegion = en;
			hasScannedForEncodings = 0;
			knownRegions = (
				en,
				Base,
			);
			mainGroup = 9B961B3F295F5D1A00BB00F0;
			productRefGroup = 9B961B49295F5D1A00BB00F0 /* Products */;
			projectDirPath = "";
			projectRoot = "";
			targets = (
				9B961B47295F5D1A00BB00F0 /* MerryChristmasApp */,
			);
		};
/* End PBXProject section */

/* Begin PBXResourcesBuildPhase section */
		9B961B46295F5D1A00BB00F0 /* Resources */ = {
			isa = PBXResourcesBuildPhase;
			buildActionMask = 2147483647;
			files = (
				9B961B53295F5D1F00BB00F0 /* Preview Assets.xcassets in Resources */,
				9B961B50295F5D1F00BB00F0 /* Assets.xcassets in Resources */,
			);
			runOnlyForDeploymentPostprocessing = 0;
		};
/* End PBXResourcesBuildPhase section */

/* Begin PBXSourcesBuildPhase section */
		9B961B44295F5D1A00BB00F0 /* Sources */ = {
			isa = PBXSourcesBuildPhase;
			buildActionMask = 2147483647;
			files = (
				9B961B5A295F5DED00BB00F0 /* ThreeView.swift in Sources */,
				9B961B69295F9F7800BB00F0 /* AnimationView.swift in Sources */,
				9B961B65295F9A2200BB00F0 /* SnowParticles.swift in Sources */,
				9B961B4E295F5D1A00BB00F0 /* ContentView.swift in Sources */,
				9B961B4C295F5D1A00BB00F0 /* MerryChristmasAppApp.swift in Sources */,
				9B961B5E295F5EDF00BB00F0 /* Star.swift in Sources */,
				9B961B5C295F5ECE00BB00F0 /* Triangle.swift in Sources */,
				9B961B61295F897A00BB00F0 /* ToysView.swift in Sources */,
			);
			runOnlyForDeploymentPostprocessing = 0;
		};
/* End PBXSourcesBuildPhase section */

/* Begin XCBuildConfiguration section */
		9B961B54295F5D1F00BB00F0 /* Debug */ = {
			isa = XCBuildConfiguration;
			buildSettings = {
				ALWAYS_SEARCH_USER_PATHS = NO;
				CLANG_ANALYZER_NONNULL = YES;
				CLANG_ANALYZER_NUMBER_OBJECT_CONVERSION = YES_AGGRESSIVE;
				CLANG_CXX_LANGUAGE_STANDARD = "gnu++20";
				CLANG_ENABLE_MODULES = YES;
				CLANG_ENABLE_OBJC_ARC = YES;
				CLANG_ENABLE_OBJC_WEAK = YES;
				CLANG_WARN_BLOCK_CAPTURE_AUTORELEASING = YES;
				CLANG_WARN_BOOL_CONVERSION = YES;
				CLANG_WARN_COMMA = YES;
				CLANG_WARN_CONSTANT_CONVERSION = YES;
				CLANG_WARN_DEPRECATED_OBJC_IMPLEMENTATIONS = YES;
				CLANG_WARN_DIRECT_OBJC_ISA_USAGE = YES_ERROR;
				CLANG_WARN_DOCUMENTATION_COMMENTS = YES;
				CLANG_WARN_EMPTY_BODY = YES;
				CLANG_WARN_ENUM_CONVERSION = YES;
				CLANG_WARN_INFINITE_RECURSION = YES;
				CLANG_WARN_INT_CONVERSION = YES;
				CLANG_WARN_NON_LITERAL_NULL_CONVERSION = YES;
				CLANG_WARN_OBJC_IMPLICIT_RETAIN_SELF = YES;
				CLANG_WARN_OBJC_LITERAL_CONVERSION = YES;
				CLANG_WARN_OBJC_ROOT_CLASS = YES_ERROR;
				CLANG_WARN_QUOTED_INCLUDE_IN_FRAMEWORK_HEADER = YES;
				CLANG_WARN_RANGE_LOOP_ANALYSIS = YES;
				CLANG_WARN_STRICT_PROTOTYPES = YES;
				CLANG_WARN_SUSPICIOUS_MOVE = YES;
				CLANG_WARN_UNGUARDED_AVAILABILITY = YES_AGGRESSIVE;
				CLANG_WARN_UNREACHABLE_CODE = YES;
				CLANG_WARN__DUPLICATE_METHOD_MATCH = YES;
				COPY_PHASE_STRIP = NO;
				DEBUG_INFORMATION_FORMAT = dwarf;
				ENABLE_STRICT_OBJC_MSGSEND = YES;
				ENABLE_TESTABILITY = YES;
				GCC_C_LANGUAGE_STANDARD = gnu11;
				GCC_DYNAMIC_NO_PIC = NO;
				GCC_NO_COMMON_BLOCKS = YES;
				GCC_OPTIMIZATION_LEVEL = 0;
				GCC_PREPROCESSOR_DEFINITIONS = (
					"DEBUG=1",
					"$(inherited)",
				);
				GCC_WARN_64_TO_32_BIT_CONVERSION = YES;
				GCC_WARN_ABOUT_RETURN_TYPE = YES_ERROR;
				GCC_WARN_UNDECLARED_SELECTOR = YES;
				GCC_WARN_UNINITIALIZED_AUTOS = YES_AGGRESSIVE;
				GCC_WARN_UNUSED_FUNCTION = YES;
				GCC_WARN_UNUSED_VARIABLE = YES;
				IPHONEOS_DEPLOYMENT_TARGET = 16.2;
				MTL_ENABLE_DEBUG_INFO = INCLUDE_SOURCE;
				MTL_FAST_MATH = YES;
				ONLY_ACTIVE_ARCH = YES;
				SDKROOT = iphoneos;
				SWIFT_ACTIVE_COMPILATION_CONDITIONS = DEBUG;
				SWIFT_OPTIMIZATION_LEVEL = "-Onone";
			};
			name = Debug;
		};
		9B961B55295F5D1F00BB00F0 /* Release */ = {
			isa = XCBuildConfiguration;
			buildSettings = {
				ALWAYS_SEARCH_USER_PATHS = NO;
				CLANG_ANALYZER_NONNULL = YES;
				CLANG_ANALYZER_NUMBER_OBJECT_CONVERSION = YES_AGGRESSIVE;
				CLANG_CXX_LANGUAGE_STANDARD = "gnu++20";
				CLANG_ENABLE_MODULES = YES;
				CLANG_ENABLE_OBJC_ARC = YES;
				CLANG_ENABLE_OBJC_WEAK = YES;
				CLANG_WARN_BLOCK_CAPTURE_AUTORELEASING = YES;
				CLANG_WARN_BOOL_CONVERSION = YES;
				CLANG_WARN_COMMA = YES;
				CLANG_WARN_CONSTANT_CONVERSION = YES;
				CLANG_WARN_DEPRECATED_OBJC_IMPLEMENTATIONS = YES;
				CLANG_WARN_DIRECT_OBJC_ISA_USAGE = YES_ERROR;
				CLANG_WARN_DOCUMENTATION_COMMENTS = YES;
				CLANG_WARN_EMPTY_BODY = YES;
				CLANG_WARN_ENUM_CONVERSION = YES;
				CLANG_WARN_INFINITE_RECURSION = YES;
				CLANG_WARN_INT_CONVERSION = YES;
				CLANG_WARN_NON_LITERAL_NULL_CONVERSION = YES;
				CLANG_WARN_OBJC_IMPLICIT_RETAIN_SELF = YES;
				CLANG_WARN_OBJC_LITERAL_CONVERSION = YES;
				CLANG_WARN_OBJC_ROOT_CLASS = YES_ERROR;
				CLANG_WARN_QUOTED_INCLUDE_IN_FRAMEWORK_HEADER = YES;
				CLANG_WARN_RANGE_LOOP_ANALYSIS = YES;
				CLANG_WARN_STRICT_PROTOTYPES = YES;
				CLANG_WARN_SUSPICIOUS_MOVE = YES;
				CLANG_WARN_UNGUARDED_AVAILABILITY = YES_AGGRESSIVE;
				CLANG_WARN_UNREACHABLE_CODE = YES;
				CLANG_WARN__DUPLICATE_METHOD_MATCH = YES;
				COPY_PHASE_STRIP = NO;
				DEBUG_INFORMATION_FORMAT = "dwarf-with-dsym";
				ENABLE_NS_ASSERTIONS = NO;
				ENABLE_STRICT_OBJC_MSGSEND = YES;
				GCC_C_LANGUAGE_STANDARD = gnu11;
				GCC_NO_COMMON_BLOCKS = YES;
				GCC_WARN_64_TO_32_BIT_CONVERSION = YES;
				GCC_WARN_ABOUT_RETURN_TYPE = YES_ERROR;
				GCC_WARN_UNDECLARED_SELECTOR = YES;
				GCC_WARN_UNINITIALIZED_AUTOS = YES_AGGRESSIVE;
				GCC_WARN_UNUSED_FUNCTION = YES;
				GCC_WARN_UNUSED_VARIABLE = YES;
				IPHONEOS_DEPLOYMENT_TARGET = 16.2;
				MTL_ENABLE_DEBUG_INFO = NO;
				MTL_FAST_MATH = YES;
				SDKROOT = iphoneos;
				SWIFT_COMPILATION_MODE = wholemodule;
				SWIFT_OPTIMIZATION_LEVEL = "-O";
				VALIDATE_PRODUCT = YES;
			};
			name = Release;
		};
		9B961B57295F5D1F00BB00F0 /* Debug */ = {
			isa = XCBuildConfiguration;
			buildSettings = {
				ASSETCATALOG_COMPILER_APPICON_NAME = AppIcon;
				ASSETCATALOG_COMPILER_GLOBAL_ACCENT_COLOR_NAME = AccentColor;
				CODE_SIGN_STYLE = Automatic;
				CURRENT_PROJECT_VERSION = 1;
				DEVELOPMENT_ASSET_PATHS = "\"MerryChristmasApp/Preview Content\"";
				DEVELOPMENT_TEAM = 27CWMTU76N;
				ENABLE_PREVIEWS = YES;
				GENERATE_INFOPLIST_FILE = YES;
				INFOPLIST_KEY_UIApplicationSceneManifest_Generation = YES;
				INFOPLIST_KEY_UIApplicationSupportsIndirectInputEvents = YES;
				INFOPLIST_KEY_UILaunchScreen_Generation = YES;
				INFOPLIST_KEY_UISupportedInterfaceOrientations_iPad = "UIInterfaceOrientationPortrait UIInterfaceOrientationPortraitUpsideDown UIInterfaceOrientationLandscapeLeft UIInterfaceOrientationLandscapeRight";
				INFOPLIST_KEY_UISupportedInterfaceOrientations_iPhone = "UIInterfaceOrientationPortrait UIInterfaceOrientationLandscapeLeft UIInterfaceOrientationLandscapeRight";
				LD_RUNPATH_SEARCH_PATHS = (
					"$(inherited)",
					"@executable_path/Frameworks",
				);
				MARKETING_VERSION = 1.0;
				PRODUCT_BUNDLE_IDENTIFIER = "com.samirkafarov.TrafficLight-swiftui.MerryChristmasApp";
				PRODUCT_NAME = "$(TARGET_NAME)";
				SWIFT_EMIT_LOC_STRINGS = YES;
				SWIFT_VERSION = 5.0;
				TARGETED_DEVICE_FAMILY = "1,2";
			};
			name = Debug;
		};
		9B961B58295F5D1F00BB00F0 /* Release */ = {
			isa = XCBuildConfiguration;
			buildSettings = {
				ASSETCATALOG_COMPILER_APPICON_NAME = AppIcon;
				ASSETCATALOG_COMPILER_GLOBAL_ACCENT_COLOR_NAME = AccentColor;
				CODE_SIGN_STYLE = Automatic;
				CURRENT_PROJECT_VERSION = 1;
				DEVELOPMENT_ASSET_PATHS = "\"MerryChristmasApp/Preview Content\"";
				DEVELOPMENT_TEAM = 27CWMTU76N;
				ENABLE_PREVIEWS = YES;
				GENERATE_INFOPLIST_FILE = YES;
				INFOPLIST_KEY_UIApplicationSceneManifest_Generation = YES;
				INFOPLIST_KEY_UIApplicationSupportsIndirectInputEvents = YES;
				INFOPLIST_KEY_UILaunchScreen_Generation = YES;
				INFOPLIST_KEY_UISupportedInterfaceOrientations_iPad = "UIInterfaceOrientationPortrait UIInterfaceOrientationPortraitUpsideDown UIInterfaceOrientationLandscapeLeft UIInterfaceOrientationLandscapeRight";
				INFOPLIST_KEY_UISupportedInterfaceOrientations_iPhone = "UIInterfaceOrientationPortrait UIInterfaceOrientationLandscapeLeft UIInterfaceOrientationLandscapeRight";
				LD_RUNPATH_SEARCH_PATHS = (
					"$(inherited)",
					"@executable_path/Frameworks",
				);
				MARKETING_VERSION = 1.0;
				PRODUCT_BUNDLE_IDENTIFIER = "com.samirkafarov.TrafficLight-swiftui.MerryChristmasApp";
				PRODUCT_NAME = "$(TARGET_NAME)";
				SWIFT_EMIT_LOC_STRINGS = YES;
				SWIFT_VERSION = 5.0;
				TARGETED_DEVICE_FAMILY = "1,2";
			};
			name = Release;
		};
/* End XCBuildConfiguration section */

/* Begin XCConfigurationList section */
		9B961B43295F5D1A00BB00F0 /* Build configuration list for PBXProject "MerryChristmasApp" */ = {
			isa = XCConfigurationList;
			buildConfigurations = (
				9B961B54295F5D1F00BB00F0 /* Debug */,
				9B961B55295F5D1F00BB00F0 /* Release */,
			);
			defaultConfigurationIsVisible = 0;
			defaultConfigurationName = Release;
		};
		9B961B56295F5D1F00BB00F0 /* Build configuration list for PBXNativeTarget "MerryChristmasApp" */ = {
			isa = XCConfigurationList;
			buildConfigurations = (
				9B961B57295F5D1F00BB00F0 /* Debug */,
				9B961B58295F5D1F00BB00F0 /* Release */,
			);
			defaultConfigurationIsVisible = 0;
			defaultConfigurationName = Release;
		};
/* End XCConfigurationList section */
	};
	rootObject = 9B961B40295F5D1A00BB00F0 /* Project object */;
}
